
Microsoft Visual Studio Solution File, Format Version 12.00
# Visual Studio Version 17
VisualStudioVersion = 17.11.35327.3
MinimumVisualStudioVersion = 10.0.40219.1
Project("{2150E333-8FDC-42A3-9474-1A3956D46DE8}") = "07Week", "07Week", "{4E957015-FD68-41C0-96D9-7EE33B60AEA0}"
EndProject
Project("{9A19103F-16F7-4668-BE54-9A1E7A4F7556}") = "01LINQNumbers", "07Week\01LINQNumbers\01LINQNumbers.csproj", "{1F1FD909-7B9E-490C-A563-443275FDC6C1}"
EndProject
Project("{9A19103F-16F7-4668-BE54-9A1E7A4F7556}") = "02Patikafy", "07Week\02Patikafy\02Patikafy.csproj", "{6889EC44-DE21-4D1F-985C-2142DA82BE4B}"
EndProject
Project("{9A19103F-16F7-4668-BE54-9A1E7A4F7556}") = "03Patikaflix", "07Week\03Patikaflix\03Patikaflix.csproj", "{94BAD683-687F-4052-A943-FE2139DA02AF}"
EndProject
Project("{9A19103F-16F7-4668-BE54-9A1E7A4F7556}") = "04LibraX", "07Week\04LibraX\04LibraX.csproj", "{712CED92-0FB3-4124-A4F6-348F5C69F896}"
EndProject
Project("{9A19103F-16F7-4668-BE54-9A1E7A4F7556}") = "DataLibrary", "07Week\DataLibrary\DataLibrary.csproj", "{045ACF0F-FA5C-4375-88DA-805D2B70ACD9}"
EndProject
Project("{9A19103F-16F7-4668-BE54-9A1E7A4F7556}") = "05EduLink", "07Week\05EduLink\05EduLink.csproj", "{CC95D426-71FB-4751-AEB0-2EF578BE693A}"
EndProject
Project("{2150E333-8FDC-42A3-9474-1A3956D46DE8}") = "08Week", "08Week", "{552867A9-C500-4D77-8425-6F6AF03756F8}"
EndProject
Project("{2150E333-8FDC-42A3-9474-1A3956D46DE8}") = "01", "01", "{7AA9A71C-70A0-4D92-9BAA-59FDA7BC24F8}"
EndProject
Project("{FAE04EC0-301F-11D3-BF4B-00C04F79EFBC}") = "ASPNetCoreEmpty", "08Week\01\ASPNetCoreEmpty\ASPNetCoreEmpty.csproj", "{B2A6A39E-A8D4-440F-B328-97B10A38B5C2}"
EndProject
Project("{2150E333-8FDC-42A3-9474-1A3956D46DE8}") = "02", "02", "{B08E5D93-859F-4706-8B0B-F2080E5A526D}"
EndProject
Project("{FAE04EC0-301F-11D3-BF4B-00C04F79EFBC}") = "BasicMVC", "08Week\02\BasicMVC\BasicMVC.csproj", "{5704D789-3395-4B1D-A8A4-11F71648C5B0}"
EndProject
Global
	GlobalSection(SolutionConfigurationPlatforms) = preSolution
		Debug|Any CPU = Debug|Any CPU
		Release|Any CPU = Release|Any CPU
	EndGlobalSection
	GlobalSection(ProjectConfigurationPlatforms) = postSolution
		{1F1FD909-7B9E-490C-A563-443275FDC6C1}.Debug|Any CPU.ActiveCfg = Debug|Any CPU
		{1F1FD909-7B9E-490C-A563-443275FDC6C1}.Debug|Any CPU.Build.0 = Debug|Any CPU
		{1F1FD909-7B9E-490C-A563-443275FDC6C1}.Release|Any CPU.ActiveCfg = Release|Any CPU
		{1F1FD909-7B9E-490C-A563-443275FDC6C1}.Release|Any CPU.Build.0 = Release|Any CPU
		{6889EC44-DE21-4D1F-985C-2142DA82BE4B}.Debug|Any CPU.ActiveCfg = Debug|Any CPU
		{6889EC44-DE21-4D1F-985C-2142DA82BE4B}.Debug|Any CPU.Build.0 = Debug|Any CPU
		{6889EC44-DE21-4D1F-985C-2142DA82BE4B}.Release|Any CPU.ActiveCfg = Release|Any CPU
		{6889EC44-DE21-4D1F-985C-2142DA82BE4B}.Release|Any CPU.Build.0 = Release|Any CPU
		{94BAD683-687F-4052-A943-FE2139DA02AF}.Debug|Any CPU.ActiveCfg = Debug|Any CPU
		{94BAD683-687F-4052-A943-FE2139DA02AF}.Debug|Any CPU.Build.0 = Debug|Any CPU
		{94BAD683-687F-4052-A943-FE2139DA02AF}.Release|Any CPU.ActiveCfg = Release|Any CPU
		{94BAD683-687F-4052-A943-FE2139DA02AF}.Release|Any CPU.Build.0 = Release|Any CPU
		{712CED92-0FB3-4124-A4F6-348F5C69F896}.Debug|Any CPU.ActiveCfg = Debug|Any CPU
		{712CED92-0FB3-4124-A4F6-348F5C69F896}.Debug|Any CPU.Build.0 = Debug|Any CPU
		{712CED92-0FB3-4124-A4F6-348F5C69F896}.Release|Any CPU.ActiveCfg = Release|Any CPU
		{712CED92-0FB3-4124-A4F6-348F5C69F896}.Release|Any CPU.Build.0 = Release|Any CPU
		{045ACF0F-FA5C-4375-88DA-805D2B70ACD9}.Debug|Any CPU.ActiveCfg = Debug|Any CPU
		{045ACF0F-FA5C-4375-88DA-805D2B70ACD9}.Debug|Any CPU.Build.0 = Debug|Any CPU
		{045ACF0F-FA5C-4375-88DA-805D2B70ACD9}.Release|Any CPU.ActiveCfg = Release|Any CPU
		{045ACF0F-FA5C-4375-88DA-805D2B70ACD9}.Release|Any CPU.Build.0 = Release|Any CPU
		{CC95D426-71FB-4751-AEB0-2EF578BE693A}.Debug|Any CPU.ActiveCfg = Debug|Any CPU
		{CC95D426-71FB-4751-AEB0-2EF578BE693A}.Debug|Any CPU.Build.0 = Debug|Any CPU
		{CC95D426-71FB-4751-AEB0-2EF578BE693A}.Release|Any CPU.ActiveCfg = Release|Any CPU
		{CC95D426-71FB-4751-AEB0-2EF578BE693A}.Release|Any CPU.Build.0 = Release|Any CPU
		{B2A6A39E-A8D4-440F-B328-97B10A38B5C2}.Debug|Any CPU.ActiveCfg = Debug|Any CPU
		{B2A6A39E-A8D4-440F-B328-97B10A38B5C2}.Debug|Any CPU.Build.0 = Debug|Any CPU
		{B2A6A39E-A8D4-440F-B328-97B10A38B5C2}.Release|Any CPU.ActiveCfg = Release|Any CPU
		{B2A6A39E-A8D4-440F-B328-97B10A38B5C2}.Release|Any CPU.Build.0 = Release|Any CPU
		{5704D789-3395-4B1D-A8A4-11F71648C5B0}.Debug|Any CPU.ActiveCfg = Debug|Any CPU
		{5704D789-3395-4B1D-A8A4-11F71648C5B0}.Debug|Any CPU.Build.0 = Debug|Any CPU
		{5704D789-3395-4B1D-A8A4-11F71648C5B0}.Release|Any CPU.ActiveCfg = Release|Any CPU
		{5704D789-3395-4B1D-A8A4-11F71648C5B0}.Release|Any CPU.Build.0 = Release|Any CPU
	EndGlobalSection
	GlobalSection(SolutionProperties) = preSolution
		HideSolutionNode = FALSE
	EndGlobalSection
	GlobalSection(NestedProjects) = preSolution
		{1F1FD909-7B9E-490C-A563-443275FDC6C1} = {4E957015-FD68-41C0-96D9-7EE33B60AEA0}
		{6889EC44-DE21-4D1F-985C-2142DA82BE4B} = {4E957015-FD68-41C0-96D9-7EE33B60AEA0}
		{94BAD683-687F-4052-A943-FE2139DA02AF} = {4E957015-FD68-41C0-96D9-7EE33B60AEA0}
		{712CED92-0FB3-4124-A4F6-348F5C69F896} = {4E957015-FD68-41C0-96D9-7EE33B60AEA0}
		{045ACF0F-FA5C-4375-88DA-805D2B70ACD9} = {4E957015-FD68-41C0-96D9-7EE33B60AEA0}
		{CC95D426-71FB-4751-AEB0-2EF578BE693A} = {4E957015-FD68-41C0-96D9-7EE33B60AEA0}
		{7AA9A71C-70A0-4D92-9BAA-59FDA7BC24F8} = {552867A9-C500-4D77-8425-6F6AF03756F8}
		{B2A6A39E-A8D4-440F-B328-97B10A38B5C2} = {7AA9A71C-70A0-4D92-9BAA-59FDA7BC24F8}
		{B08E5D93-859F-4706-8B0B-F2080E5A526D} = {552867A9-C500-4D77-8425-6F6AF03756F8}
		{5704D789-3395-4B1D-A8A4-11F71648C5B0} = {B08E5D93-859F-4706-8B0B-F2080E5A526D}
	EndGlobalSection
	GlobalSection(ExtensibilityGlobals) = postSolution
		SolutionGuid = {19814951-7A15-4877-97E8-FD32F34F91F2}
	EndGlobalSection
EndGlobal
